
Microsoft Visual Studio Solution File, Format Version 12.00
# Visual Studio Version 16
VisualStudioVersion = 16.0.34031.81
MinimumVisualStudioVersion = 10.0.40219.1
Project("{2150E333-8FDC-42A3-9474-1A3956D46DE8}") = "Task0", "Task0", "{3D797699-B41D-4EA2-903F-48C8C7051F2E}"
EndProject
Project("{FAE04EC0-301F-11D3-BF4B-00C04F79EFBC}") = "Tyuiu.SavitskyDA.Sprint5.Task0.V14", "Tyuiu.SavitskyDA.Sprint5.Task0.V14\Tyuiu.SavitskyDA.Sprint5.Task0.V14.csproj", "{B72A9C24-E1B0-4DA0-9B52-9BCE4CED400C}"
EndProject
Project("{FAE04EC0-301F-11D3-BF4B-00C04F79EFBC}") = "Tyuiu.SavitskyDA.Sprint5.Task0.V14.Lib", "Tyuiu.SavitskyDA.Sprint5.Task0.V14.Lib\Tyuiu.SavitskyDA.Sprint5.Task0.V14.Lib.csproj", "{27F65C18-EB09-4CD5-AD54-0581414B1C8A}"
EndProject
Project("{FAE04EC0-301F-11D3-BF4B-00C04F79EFBC}") = "Tyuiu.SavitskyDA.Sprint5.Task0.V14.Test", "Tyuiu.SavitskyDA.Sprint5.Task0.V14.Test\Tyuiu.SavitskyDA.Sprint5.Task0.V14.Test.csproj", "{70193C1B-54DF-4D2E-A0D2-2BB67784FBC8}"
EndProject
Project("{2150E333-8FDC-42A3-9474-1A3956D46DE8}") = "Task1", "Task1", "{3D341615-0CBB-453F-BBA8-846F82929E5A}"
EndProject
Project("{FAE04EC0-301F-11D3-BF4B-00C04F79EFBC}") = "Tyuiu.SavitskyDA.Sprint5.Task1.V21", "Tyuiu.SavitskyDA.Sprint5.Task1.V21\Tyuiu.SavitskyDA.Sprint5.Task1.V21.csproj", "{1830D89B-D67A-4760-A812-9669E9B7EFF2}"
EndProject
Project("{FAE04EC0-301F-11D3-BF4B-00C04F79EFBC}") = "Tyuiu.SavitskyDA.Sprint5.Task1.V21.Lib", "Tyuiu.SavitskyDA.Sprint5.Task1.V21.Lib\Tyuiu.SavitskyDA.Sprint5.Task1.V21.Lib.csproj", "{F8C1012F-9A1B-4DE7-9A2D-71A6306D19EF}"
EndProject
Project("{FAE04EC0-301F-11D3-BF4B-00C04F79EFBC}") = "Tyuiu.SavitskyDA.Sprint5.Task1.V21.Test", "Tyuiu.SavitskyDA.Sprint5.Task1.V21.Test\Tyuiu.SavitskyDA.Sprint5.Task1.V21.Test.csproj", "{54EBEC1D-230A-4271-A3CE-5AED83A4030B}"
EndProject
Project("{2150E333-8FDC-42A3-9474-1A3956D46DE8}") = "Task2", "Task2", "{F94FD522-3DD8-4577-974F-62A38271057F}"
EndProject
Project("{FAE04EC0-301F-11D3-BF4B-00C04F79EFBC}") = "Tyuiu.SavitskyDA.Sprint5.Task2.V2", "Tyuiu.SavitskyDA.Sprint5.Task2.V2\Tyuiu.SavitskyDA.Sprint5.Task2.V2.csproj", "{FC1E0D3B-48B4-48B9-B6FE-897FA5BF33D6}"
EndProject
Project("{FAE04EC0-301F-11D3-BF4B-00C04F79EFBC}") = "Tyuiu.SavitskyDA.Sprint5.Task2.V2.Lib", "Tyuiu.SavitskyDA.Sprint5.Task2.V2.Lib\Tyuiu.SavitskyDA.Sprint5.Task2.V2.Lib.csproj", "{E21A6EFF-538E-476E-B274-DB3C28C28E7E}"
EndProject
Project("{FAE04EC0-301F-11D3-BF4B-00C04F79EFBC}") = "Tyuiu.SavitskyDA.Sprint5.Task2.V2.Test", "Tyuiu.SavitskyDA.Sprint5.Task2.V2.Test\Tyuiu.SavitskyDA.Sprint5.Task2.V2.Test.csproj", "{C0EF2490-A68F-423A-9FCF-4DB372656FB3}"
EndProject
Project("{2150E333-8FDC-42A3-9474-1A3956D46DE8}") = "Task3", "Task3", "{8CBE930A-0A88-4FBA-AA87-9D9FF6A8D4DE}"
EndProject
Project("{FAE04EC0-301F-11D3-BF4B-00C04F79EFBC}") = "Tyuiu.SavitskyDA.Sprint5.Task3.V17", "Tyuiu.SavitskyDA.Sprint5.Task3.V17\Tyuiu.SavitskyDA.Sprint5.Task3.V17.csproj", "{24365488-623C-49B7-B42C-0ACD58E3D0B8}"
EndProject
Project("{FAE04EC0-301F-11D3-BF4B-00C04F79EFBC}") = "Tyuiu.SavitskyDA.Sprint5.Task3.V17.Lib", "Tyuiu.SavitskyDA.Sprint5.Task3.V17.Lib\Tyuiu.SavitskyDA.Sprint5.Task3.V17.Lib.csproj", "{79E795D4-09E8-48FE-85E1-6E19D8467FE4}"
EndProject
Project("{FAE04EC0-301F-11D3-BF4B-00C04F79EFBC}") = "Tyuiu.SavitskyDA.Sprint5.Task3.V17.Test", "Tyuiu.SavitskyDA.Sprint5.Task3.V17.Test\Tyuiu.SavitskyDA.Sprint5.Task3.V17.Test.csproj", "{3D66BA08-1D95-4B02-900E-A422B2ECF909}"
EndProject
Project("{2150E333-8FDC-42A3-9474-1A3956D46DE8}") = "Task4", "Task4", "{BE7C33DB-5440-4FB0-83B9-D2F16E5CB17A}"
EndProject
Project("{FAE04EC0-301F-11D3-BF4B-00C04F79EFBC}") = "Tyuiu.SavitskyDA.Sprint5.Task4.V6", "Tyuiu.SavitskyDA.Sprint5.Task4.V6\Tyuiu.SavitskyDA.Sprint5.Task4.V6.csproj", "{2D20FA6D-1F83-4AE8-A5CC-5D74EE09F23B}"
EndProject
Project("{FAE04EC0-301F-11D3-BF4B-00C04F79EFBC}") = "Tyuiu.SavitskyDA.Sprint5.Task4.V6.Lib", "Tyuiu.SavitskyDA.Sprint5.Task4.V6.Lib\Tyuiu.SavitskyDA.Sprint5.Task4.V6.Lib.csproj", "{7D006160-0FB9-4D4A-B68F-22E446158786}"
EndProject
Project("{FAE04EC0-301F-11D3-BF4B-00C04F79EFBC}") = "Tyuiu.SavitskyDA.Sprint5.Task4.V6.Test", "Tyuiu.SavitskyDA.Sprint5.Task4.V6.Test\Tyuiu.SavitskyDA.Sprint5.Task4.V6.Test.csproj", "{FEAA1172-8C6E-4AE8-920F-2CA6D532810B}"
EndProject
Project("{2150E333-8FDC-42A3-9474-1A3956D46DE8}") = "Task5", "Task5", "{00956B0C-B918-4FF2-84CD-1FEB5153007E}"
EndProject
Project("{FAE04EC0-301F-11D3-BF4B-00C04F79EFBC}") = "Tyuiu.SavitskyDA.Sprint5.Task5.V19", "Tyuiu.SavitskyDA.Sprint5.Task5.V19\Tyuiu.SavitskyDA.Sprint5.Task5.V19.csproj", "{06F2788B-ED5F-4FEC-B95C-AEB839C4509E}"
EndProject
Project("{FAE04EC0-301F-11D3-BF4B-00C04F79EFBC}") = "Tyuiu.SavitskyDA.Sprint5.Task5.V19.Lib", "Tyuiu.SavitskyDA.Sprint5.Task5.V19.Lib\Tyuiu.SavitskyDA.Sprint5.Task5.V19.Lib.csproj", "{89640BE0-20FF-41FA-8424-CABF6047D8F3}"
EndProject
Project("{FAE04EC0-301F-11D3-BF4B-00C04F79EFBC}") = "Tyuiu.SavitskyDA.Sprint5.Task5.V19.Test", "Tyuiu.SavitskyDA.Sprint5.Task5.V19.Test\Tyuiu.SavitskyDA.Sprint5.Task5.V19.Test.csproj", "{5098C277-6DA4-41E4-9B17-24F8D24F0918}"
EndProject
Project("{2150E333-8FDC-42A3-9474-1A3956D46DE8}") = "Task6", "Task6", "{E7CF54A1-E74F-4A0F-9811-F56103D9BA56}"
EndProject
Project("{FAE04EC0-301F-11D3-BF4B-00C04F79EFBC}") = "Tyuiu.SavitskyDA.Sprint5.Task6.V25", "Tyuiu.SavitskyDA.Sprint5.Task6.V25\Tyuiu.SavitskyDA.Sprint5.Task6.V25.csproj", "{5291EA5F-E921-4AE3-9F34-81DE5BBAB6B6}"
EndProject
Project("{FAE04EC0-301F-11D3-BF4B-00C04F79EFBC}") = "Tyuiu.SavitskyDA.Sprint5.Task6.V25.Lib", "Tyuiu.SavitskyDA.Sprint5.Task6.V25.Lib\Tyuiu.SavitskyDA.Sprint5.Task6.V25.Lib.csproj", "{D76C4991-F7A4-4053-9B84-89CEEE07A152}"
EndProject
Project("{FAE04EC0-301F-11D3-BF4B-00C04F79EFBC}") = "Tyuiu.SavitskyDA.Sprint5.Task6.V25.Test", "Tyuiu.SavitskyDA.Sprint5.Task6.V25.Test\Tyuiu.SavitskyDA.Sprint5.Task6.V25.Test.csproj", "{E7F13840-31DF-40EB-B26B-D9ADFFBABF05}"
EndProject
Global
	GlobalSection(SolutionConfigurationPlatforms) = preSolution
		Debug|Any CPU = Debug|Any CPU
		Release|Any CPU = Release|Any CPU
	EndGlobalSection
	GlobalSection(ProjectConfigurationPlatforms) = postSolution
		{B72A9C24-E1B0-4DA0-9B52-9BCE4CED400C}.Debug|Any CPU.ActiveCfg = Debug|Any CPU
		{B72A9C24-E1B0-4DA0-9B52-9BCE4CED400C}.Debug|Any CPU.Build.0 = Debug|Any CPU
		{B72A9C24-E1B0-4DA0-9B52-9BCE4CED400C}.Release|Any CPU.ActiveCfg = Release|Any CPU
		{B72A9C24-E1B0-4DA0-9B52-9BCE4CED400C}.Release|Any CPU.Build.0 = Release|Any CPU
		{27F65C18-EB09-4CD5-AD54-0581414B1C8A}.Debug|Any CPU.ActiveCfg = Debug|Any CPU
		{27F65C18-EB09-4CD5-AD54-0581414B1C8A}.Debug|Any CPU.Build.0 = Debug|Any CPU
		{27F65C18-EB09-4CD5-AD54-0581414B1C8A}.Release|Any CPU.ActiveCfg = Release|Any CPU
		{27F65C18-EB09-4CD5-AD54-0581414B1C8A}.Release|Any CPU.Build.0 = Release|Any CPU
		{70193C1B-54DF-4D2E-A0D2-2BB67784FBC8}.Debug|Any CPU.ActiveCfg = Debug|Any CPU
		{70193C1B-54DF-4D2E-A0D2-2BB67784FBC8}.Debug|Any CPU.Build.0 = Debug|Any CPU
		{70193C1B-54DF-4D2E-A0D2-2BB67784FBC8}.Release|Any CPU.ActiveCfg = Release|Any CPU
		{70193C1B-54DF-4D2E-A0D2-2BB67784FBC8}.Release|Any CPU.Build.0 = Release|Any CPU
		{1830D89B-D67A-4760-A812-9669E9B7EFF2}.Debug|Any CPU.ActiveCfg = Debug|Any CPU
		{1830D89B-D67A-4760-A812-9669E9B7EFF2}.Debug|Any CPU.Build.0 = Debug|Any CPU
		{1830D89B-D67A-4760-A812-9669E9B7EFF2}.Release|Any CPU.ActiveCfg = Release|Any CPU
		{1830D89B-D67A-4760-A812-9669E9B7EFF2}.Release|Any CPU.Build.0 = Release|Any CPU
		{F8C1012F-9A1B-4DE7-9A2D-71A6306D19EF}.Debug|Any CPU.ActiveCfg = Debug|Any CPU
		{F8C1012F-9A1B-4DE7-9A2D-71A6306D19EF}.Debug|Any CPU.Build.0 = Debug|Any CPU
		{F8C1012F-9A1B-4DE7-9A2D-71A6306D19EF}.Release|Any CPU.ActiveCfg = Release|Any CPU
		{F8C1012F-9A1B-4DE7-9A2D-71A6306D19EF}.Release|Any CPU.Build.0 = Release|Any CPU
		{54EBEC1D-230A-4271-A3CE-5AED83A4030B}.Debug|Any CPU.ActiveCfg = Debug|Any CPU
		{54EBEC1D-230A-4271-A3CE-5AED83A4030B}.Debug|Any CPU.Build.0 = Debug|Any CPU
		{54EBEC1D-230A-4271-A3CE-5AED83A4030B}.Release|Any CPU.ActiveCfg = Release|Any CPU
		{54EBEC1D-230A-4271-A3CE-5AED83A4030B}.Release|Any CPU.Build.0 = Release|Any CPU
		{FC1E0D3B-48B4-48B9-B6FE-897FA5BF33D6}.Debug|Any CPU.ActiveCfg = Debug|Any CPU
		{FC1E0D3B-48B4-48B9-B6FE-897FA5BF33D6}.Debug|Any CPU.Build.0 = Debug|Any CPU
		{FC1E0D3B-48B4-48B9-B6FE-897FA5BF33D6}.Release|Any CPU.ActiveCfg = Release|Any CPU
		{FC1E0D3B-48B4-48B9-B6FE-897FA5BF33D6}.Release|Any CPU.Build.0 = Release|Any CPU
		{E21A6EFF-538E-476E-B274-DB3C28C28E7E}.Debug|Any CPU.ActiveCfg = Debug|Any CPU
		{E21A6EFF-538E-476E-B274-DB3C28C28E7E}.Debug|Any CPU.Build.0 = Debug|Any CPU
		{E21A6EFF-538E-476E-B274-DB3C28C28E7E}.Release|Any CPU.ActiveCfg = Release|Any CPU
		{E21A6EFF-538E-476E-B274-DB3C28C28E7E}.Release|Any CPU.Build.0 = Release|Any CPU
		{C0EF2490-A68F-423A-9FCF-4DB372656FB3}.Debug|Any CPU.ActiveCfg = Debug|Any CPU
		{C0EF2490-A68F-423A-9FCF-4DB372656FB3}.Debug|Any CPU.Build.0 = Debug|Any CPU
		{C0EF2490-A68F-423A-9FCF-4DB372656FB3}.Release|Any CPU.ActiveCfg = Release|Any CPU
		{C0EF2490-A68F-423A-9FCF-4DB372656FB3}.Release|Any CPU.Build.0 = Release|Any CPU
		{24365488-623C-49B7-B42C-0ACD58E3D0B8}.Debug|Any CPU.ActiveCfg = Debug|Any CPU
		{24365488-623C-49B7-B42C-0ACD58E3D0B8}.Debug|Any CPU.Build.0 = Debug|Any CPU
		{24365488-623C-49B7-B42C-0ACD58E3D0B8}.Release|Any CPU.ActiveCfg = Release|Any CPU
		{24365488-623C-49B7-B42C-0ACD58E3D0B8}.Release|Any CPU.Build.0 = Release|Any CPU
		{79E795D4-09E8-48FE-85E1-6E19D8467FE4}.Debug|Any CPU.ActiveCfg = Debug|Any CPU
		{79E795D4-09E8-48FE-85E1-6E19D8467FE4}.Debug|Any CPU.Build.0 = Debug|Any CPU
		{79E795D4-09E8-48FE-85E1-6E19D8467FE4}.Release|Any CPU.ActiveCfg = Release|Any CPU
		{79E795D4-09E8-48FE-85E1-6E19D8467FE4}.Release|Any CPU.Build.0 = Release|Any CPU
		{3D66BA08-1D95-4B02-900E-A422B2ECF909}.Debug|Any CPU.ActiveCfg = Debug|Any CPU
		{3D66BA08-1D95-4B02-900E-A422B2ECF909}.Debug|Any CPU.Build.0 = Debug|Any CPU
		{3D66BA08-1D95-4B02-900E-A422B2ECF909}.Release|Any CPU.ActiveCfg = Release|Any CPU
		{3D66BA08-1D95-4B02-900E-A422B2ECF909}.Release|Any CPU.Build.0 = Release|Any CPU
		{2D20FA6D-1F83-4AE8-A5CC-5D74EE09F23B}.Debug|Any CPU.ActiveCfg = Debug|Any CPU
		{2D20FA6D-1F83-4AE8-A5CC-5D74EE09F23B}.Debug|Any CPU.Build.0 = Debug|Any CPU
		{2D20FA6D-1F83-4AE8-A5CC-5D74EE09F23B}.Release|Any CPU.ActiveCfg = Release|Any CPU
		{2D20FA6D-1F83-4AE8-A5CC-5D74EE09F23B}.Release|Any CPU.Build.0 = Release|Any CPU
		{7D006160-0FB9-4D4A-B68F-22E446158786}.Debug|Any CPU.ActiveCfg = Debug|Any CPU
		{7D006160-0FB9-4D4A-B68F-22E446158786}.Debug|Any CPU.Build.0 = Debug|Any CPU
		{7D006160-0FB9-4D4A-B68F-22E446158786}.Release|Any CPU.ActiveCfg = Release|Any CPU
		{7D006160-0FB9-4D4A-B68F-22E446158786}.Release|Any CPU.Build.0 = Release|Any CPU
		{FEAA1172-8C6E-4AE8-920F-2CA6D532810B}.Debug|Any CPU.ActiveCfg = Debug|Any CPU
		{FEAA1172-8C6E-4AE8-920F-2CA6D532810B}.Debug|Any CPU.Build.0 = Debug|Any CPU
		{FEAA1172-8C6E-4AE8-920F-2CA6D532810B}.Release|Any CPU.ActiveCfg = Release|Any CPU
		{FEAA1172-8C6E-4AE8-920F-2CA6D532810B}.Release|Any CPU.Build.0 = Release|Any CPU
		{06F2788B-ED5F-4FEC-B95C-AEB839C4509E}.Debug|Any CPU.ActiveCfg = Debug|Any CPU
		{06F2788B-ED5F-4FEC-B95C-AEB839C4509E}.Debug|Any CPU.Build.0 = Debug|Any CPU
		{06F2788B-ED5F-4FEC-B95C-AEB839C4509E}.Release|Any CPU.ActiveCfg = Release|Any CPU
		{06F2788B-ED5F-4FEC-B95C-AEB839C4509E}.Release|Any CPU.Build.0 = Release|Any CPU
		{89640BE0-20FF-41FA-8424-CABF6047D8F3}.Debug|Any CPU.ActiveCfg = Debug|Any CPU
		{89640BE0-20FF-41FA-8424-CABF6047D8F3}.Debug|Any CPU.Build.0 = Debug|Any CPU
		{89640BE0-20FF-41FA-8424-CABF6047D8F3}.Release|Any CPU.ActiveCfg = Release|Any CPU
		{89640BE0-20FF-41FA-8424-CABF6047D8F3}.Release|Any CPU.Build.0 = Release|Any CPU
		{5098C277-6DA4-41E4-9B17-24F8D24F0918}.Debug|Any CPU.ActiveCfg = Debug|Any CPU
		{5098C277-6DA4-41E4-9B17-24F8D24F0918}.Debug|Any CPU.Build.0 = Debug|Any CPU
		{5098C277-6DA4-41E4-9B17-24F8D24F0918}.Release|Any CPU.ActiveCfg = Release|Any CPU
		{5098C277-6DA4-41E4-9B17-24F8D24F0918}.Release|Any CPU.Build.0 = Release|Any CPU
		{5291EA5F-E921-4AE3-9F34-81DE5BBAB6B6}.Debug|Any CPU.ActiveCfg = Debug|Any CPU
		{5291EA5F-E921-4AE3-9F34-81DE5BBAB6B6}.Debug|Any CPU.Build.0 = Debug|Any CPU
		{5291EA5F-E921-4AE3-9F34-81DE5BBAB6B6}.Release|Any CPU.ActiveCfg = Release|Any CPU
		{5291EA5F-E921-4AE3-9F34-81DE5BBAB6B6}.Release|Any CPU.Build.0 = Release|Any CPU
		{D76C4991-F7A4-4053-9B84-89CEEE07A152}.Debug|Any CPU.ActiveCfg = Debug|Any CPU
		{D76C4991-F7A4-4053-9B84-89CEEE07A152}.Debug|Any CPU.Build.0 = Debug|Any CPU
		{D76C4991-F7A4-4053-9B84-89CEEE07A152}.Release|Any CPU.ActiveCfg = Release|Any CPU
		{D76C4991-F7A4-4053-9B84-89CEEE07A152}.Release|Any CPU.Build.0 = Release|Any CPU
		{E7F13840-31DF-40EB-B26B-D9ADFFBABF05}.Debug|Any CPU.ActiveCfg = Debug|Any CPU
		{E7F13840-31DF-40EB-B26B-D9ADFFBABF05}.Debug|Any CPU.Build.0 = Debug|Any CPU
		{E7F13840-31DF-40EB-B26B-D9ADFFBABF05}.Release|Any CPU.ActiveCfg = Release|Any CPU
		{E7F13840-31DF-40EB-B26B-D9ADFFBABF05}.Release|Any CPU.Build.0 = Release|Any CPU
	EndGlobalSection
	GlobalSection(SolutionProperties) = preSolution
		HideSolutionNode = FALSE
	EndGlobalSection
	GlobalSection(NestedProjects) = preSolution
		{B72A9C24-E1B0-4DA0-9B52-9BCE4CED400C} = {3D797699-B41D-4EA2-903F-48C8C7051F2E}
		{27F65C18-EB09-4CD5-AD54-0581414B1C8A} = {3D797699-B41D-4EA2-903F-48C8C7051F2E}
		{70193C1B-54DF-4D2E-A0D2-2BB67784FBC8} = {3D797699-B41D-4EA2-903F-48C8C7051F2E}
		{1830D89B-D67A-4760-A812-9669E9B7EFF2} = {3D341615-0CBB-453F-BBA8-846F82929E5A}
		{F8C1012F-9A1B-4DE7-9A2D-71A6306D19EF} = {3D341615-0CBB-453F-BBA8-846F82929E5A}
		{54EBEC1D-230A-4271-A3CE-5AED83A4030B} = {3D341615-0CBB-453F-BBA8-846F82929E5A}
		{FC1E0D3B-48B4-48B9-B6FE-897FA5BF33D6} = {F94FD522-3DD8-4577-974F-62A38271057F}
		{E21A6EFF-538E-476E-B274-DB3C28C28E7E} = {F94FD522-3DD8-4577-974F-62A38271057F}
		{C0EF2490-A68F-423A-9FCF-4DB372656FB3} = {F94FD522-3DD8-4577-974F-62A38271057F}
		{24365488-623C-49B7-B42C-0ACD58E3D0B8} = {8CBE930A-0A88-4FBA-AA87-9D9FF6A8D4DE}
		{79E795D4-09E8-48FE-85E1-6E19D8467FE4} = {8CBE930A-0A88-4FBA-AA87-9D9FF6A8D4DE}
		{3D66BA08-1D95-4B02-900E-A422B2ECF909} = {8CBE930A-0A88-4FBA-AA87-9D9FF6A8D4DE}
		{2D20FA6D-1F83-4AE8-A5CC-5D74EE09F23B} = {BE7C33DB-5440-4FB0-83B9-D2F16E5CB17A}
		{7D006160-0FB9-4D4A-B68F-22E446158786} = {BE7C33DB-5440-4FB0-83B9-D2F16E5CB17A}
		{FEAA1172-8C6E-4AE8-920F-2CA6D532810B} = {BE7C33DB-5440-4FB0-83B9-D2F16E5CB17A}
		{06F2788B-ED5F-4FEC-B95C-AEB839C4509E} = {00956B0C-B918-4FF2-84CD-1FEB5153007E}
		{89640BE0-20FF-41FA-8424-CABF6047D8F3} = {00956B0C-B918-4FF2-84CD-1FEB5153007E}
		{5098C277-6DA4-41E4-9B17-24F8D24F0918} = {00956B0C-B918-4FF2-84CD-1FEB5153007E}
		{5291EA5F-E921-4AE3-9F34-81DE5BBAB6B6} = {E7CF54A1-E74F-4A0F-9811-F56103D9BA56}
		{D76C4991-F7A4-4053-9B84-89CEEE07A152} = {E7CF54A1-E74F-4A0F-9811-F56103D9BA56}
		{E7F13840-31DF-40EB-B26B-D9ADFFBABF05} = {E7CF54A1-E74F-4A0F-9811-F56103D9BA56}
	EndGlobalSection
	GlobalSection(ExtensibilityGlobals) = postSolution
		SolutionGuid = {38C24A74-2CED-4A1F-A2A0-B9E584FC9234}
	EndGlobalSection
EndGlobal
